// !$*UTF8*$!
{
	archiveVersion = 1;
	classes = {
	};
	objectVersion = 55;
	objects = {

/* Begin PBXBuildFile section */
		51DF53BB277BE096006FA6A0 /* AppDelegate.swift in Sources */ = {isa = PBXBuildFile; fileRef = 51DF53BA277BE096006FA6A0 /* AppDelegate.swift */; };
		51DF53BD277BE096006FA6A0 /* SceneDelegate.swift in Sources */ = {isa = PBXBuildFile; fileRef = 51DF53BC277BE096006FA6A0 /* SceneDelegate.swift */; };
		51DF53BF277BE096006FA6A0 /* ViewController.swift in Sources */ = {isa = PBXBuildFile; fileRef = 51DF53BE277BE096006FA6A0 /* ViewController.swift */; };
		51DF53C2277BE096006FA6A0 /* Main.storyboard in Resources */ = {isa = PBXBuildFile; fileRef = 51DF53C0277BE096006FA6A0 /* Main.storyboard */; };
		51DF53C4277BE098006FA6A0 /* Assets.xcassets in Resources */ = {isa = PBXBuildFile; fileRef = 51DF53C3277BE098006FA6A0 /* Assets.xcassets */; };
		51DF53C7277BE098006FA6A0 /* LaunchScreen.storyboard in Resources */ = {isa = PBXBuildFile; fileRef = 51DF53C5277BE098006FA6A0 /* LaunchScreen.storyboard */; };
		51DF53D2277BE098006FA6A0 /* iOSInterViewTests.swift in Sources */ = {isa = PBXBuildFile; fileRef = 51DF53D1277BE098006FA6A0 /* iOSInterViewTests.swift */; };
		51DF53DC277BE098006FA6A0 /* iOSInterViewUITests.swift in Sources */ = {isa = PBXBuildFile; fileRef = 51DF53DB277BE098006FA6A0 /* iOSInterViewUITests.swift */; };
		51DF53DE277BE098006FA6A0 /* iOSInterViewUITestsLaunchTests.swift in Sources */ = {isa = PBXBuildFile; fileRef = 51DF53DD277BE098006FA6A0 /* iOSInterViewUITestsLaunchTests.swift */; };
		51DF53EC277BE0CB006FA6A0 /* ExplainTheDifferenceBetweenBoundsAndFrames.swift in Sources */ = {isa = PBXBuildFile; fileRef = 51DF53EB277BE0CB006FA6A0 /* ExplainTheDifferenceBetweenBoundsAndFrames.swift */; };
		51DF53EF277BE49D006FA6A0 /* ExplainWhatYouCanAndCannotDoInADevelopmentEnvironmentIfYouDon'tHaveARealDevice..swift in Sources */ = {isa = PBXBuildFile; fileRef = 51DF53EE277BE49D006FA6A0 /* ExplainWhatYouCanAndCannotDoInADevelopmentEnvironmentIfYouDon'tHaveARealDevice..swift */; };
		51DF53F2277BE899006FA6A0 /* What is a special object that stores and holds the app's content or data itself?.swift in Sources */ = {isa = PBXBuildFile; fileRef = 51DF53F1277BE899006FA6A0 /* What is a special object that stores and holds the app's content or data itself?.swift */; };
/* End PBXBuildFile section */

/* Begin PBXContainerItemProxy section */
		51DF53CE277BE098006FA6A0 /* PBXContainerItemProxy */ = {
			isa = PBXContainerItemProxy;
			containerPortal = 51DF53AF277BE096006FA6A0 /* Project object */;
			proxyType = 1;
			remoteGlobalIDString = 51DF53B6277BE096006FA6A0;
			remoteInfo = iOSInterView;
		};
		51DF53D8277BE098006FA6A0 /* PBXContainerItemProxy */ = {
			isa = PBXContainerItemProxy;
			containerPortal = 51DF53AF277BE096006FA6A0 /* Project object */;
			proxyType = 1;
			remoteGlobalIDString = 51DF53B6277BE096006FA6A0;
			remoteInfo = iOSInterView;
		};
/* End PBXContainerItemProxy section */

/* Begin PBXFileReference section */
		51DF53B7277BE096006FA6A0 /* iOSInterView.app */ = {isa = PBXFileReference; explicitFileType = wrapper.application; includeInIndex = 0; path = iOSInterView.app; sourceTree = BUILT_PRODUCTS_DIR; };
		51DF53BA277BE096006FA6A0 /* AppDelegate.swift */ = {isa = PBXFileReference; lastKnownFileType = sourcecode.swift; path = AppDelegate.swift; sourceTree = "<group>"; };
		51DF53BC277BE096006FA6A0 /* SceneDelegate.swift */ = {isa = PBXFileReference; lastKnownFileType = sourcecode.swift; path = SceneDelegate.swift; sourceTree = "<group>"; };
		51DF53BE277BE096006FA6A0 /* ViewController.swift */ = {isa = PBXFileReference; lastKnownFileType = sourcecode.swift; path = ViewController.swift; sourceTree = "<group>"; };
		51DF53C1277BE096006FA6A0 /* Base */ = {isa = PBXFileReference; lastKnownFileType = file.storyboard; name = Base; path = Base.lproj/Main.storyboard; sourceTree = "<group>"; };
		51DF53C3277BE098006FA6A0 /* Assets.xcassets */ = {isa = PBXFileReference; lastKnownFileType = folder.assetcatalog; path = Assets.xcassets; sourceTree = "<group>"; };
		51DF53C6277BE098006FA6A0 /* Base */ = {isa = PBXFileReference; lastKnownFileType = file.storyboard; name = Base; path = Base.lproj/LaunchScreen.storyboard; sourceTree = "<group>"; };
		51DF53C8277BE098006FA6A0 /* Info.plist */ = {isa = PBXFileReference; lastKnownFileType = text.plist.xml; path = Info.plist; sourceTree = "<group>"; };
		51DF53CD277BE098006FA6A0 /* iOSInterViewTests.xctest */ = {isa = PBXFileReference; explicitFileType = wrapper.cfbundle; includeInIndex = 0; path = iOSInterViewTests.xctest; sourceTree = BUILT_PRODUCTS_DIR; };
		51DF53D1277BE098006FA6A0 /* iOSInterViewTests.swift */ = {isa = PBXFileReference; lastKnownFileType = sourcecode.swift; path = iOSInterViewTests.swift; sourceTree = "<group>"; };
		51DF53D7277BE098006FA6A0 /* iOSInterViewUITests.xctest */ = {isa = PBXFileReference; explicitFileType = wrapper.cfbundle; includeInIndex = 0; path = iOSInterViewUITests.xctest; sourceTree = BUILT_PRODUCTS_DIR; };
		51DF53DB277BE098006FA6A0 /* iOSInterViewUITests.swift */ = {isa = PBXFileReference; lastKnownFileType = sourcecode.swift; path = iOSInterViewUITests.swift; sourceTree = "<group>"; };
		51DF53DD277BE098006FA6A0 /* iOSInterViewUITestsLaunchTests.swift */ = {isa = PBXFileReference; lastKnownFileType = sourcecode.swift; path = iOSInterViewUITestsLaunchTests.swift; sourceTree = "<group>"; };
		51DF53EB277BE0CB006FA6A0 /* ExplainTheDifferenceBetweenBoundsAndFrames.swift */ = {isa = PBXFileReference; lastKnownFileType = sourcecode.swift; path = ExplainTheDifferenceBetweenBoundsAndFrames.swift; sourceTree = "<group>"; };
		51DF53EE277BE49D006FA6A0 /* ExplainWhatYouCanAndCannotDoInADevelopmentEnvironmentIfYouDon'tHaveARealDevice..swift */ = {isa = PBXFileReference; lastKnownFileType = sourcecode.swift; path = "ExplainWhatYouCanAndCannotDoInADevelopmentEnvironmentIfYouDon'tHaveARealDevice..swift"; sourceTree = "<group>"; };
		51DF53F1277BE899006FA6A0 /* What is a special object that stores and holds the app's content or data itself?.swift */ = {isa = PBXFileReference; lastKnownFileType = sourcecode.swift; path = "What is a special object that stores and holds the app's content or data itself?.swift"; sourceTree = "<group>"; };
/* End PBXFileReference section */

/* Begin PBXFrameworksBuildPhase section */
		51DF53B4277BE096006FA6A0 /* Frameworks */ = {
			isa = PBXFrameworksBuildPhase;
			buildActionMask = 2147483647;
			files = (
			);
			runOnlyForDeploymentPostprocessing = 0;
		};
		51DF53CA277BE098006FA6A0 /* Frameworks */ = {
			isa = PBXFrameworksBuildPhase;
			buildActionMask = 2147483647;
			files = (
			);
			runOnlyForDeploymentPostprocessing = 0;
		};
		51DF53D4277BE098006FA6A0 /* Frameworks */ = {
			isa = PBXFrameworksBuildPhase;
			buildActionMask = 2147483647;
			files = (
			);
			runOnlyForDeploymentPostprocessing = 0;
		};
/* End PBXFrameworksBuildPhase section */

/* Begin PBXGroup section */
		51DF53AE277BE096006FA6A0 = {
			isa = PBXGroup;
			children = (
				51DF53B9277BE096006FA6A0 /* iOSInterView */,
				51DF53D0277BE098006FA6A0 /* iOSInterViewTests */,
				51DF53DA277BE098006FA6A0 /* iOSInterViewUITests */,
				51DF53B8277BE096006FA6A0 /* Products */,
			);
			sourceTree = "<group>";
		};
		51DF53B8277BE096006FA6A0 /* Products */ = {
			isa = PBXGroup;
			children = (
				51DF53B7277BE096006FA6A0 /* iOSInterView.app */,
				51DF53CD277BE098006FA6A0 /* iOSInterViewTests.xctest */,
				51DF53D7277BE098006FA6A0 /* iOSInterViewUITests.xctest */,
			);
			name = Products;
			sourceTree = "<group>";
		};
		51DF53B9277BE096006FA6A0 /* iOSInterView */ = {
			isa = PBXGroup;
			children = (
				51DF53EA277BE0A9006FA6A0 /* Bounds 와 Frame 의 차이점을 설명하시오. */,
				51DF53ED277BE45E006FA6A0 /* 실제 디바이스가 없을 경우 개발 환경에서 할 수 있는 것과 없는 것을 설명하시오.  */,
				51DF53F0277BE875006FA6A0 /* 앱의 콘텐츠나 데이터 자체를 저장및보관하는 특별한 객체를 무엇이라고 하는가?  */,
				51DF53BA277BE096006FA6A0 /* AppDelegate.swift */,
				51DF53BC277BE096006FA6A0 /* SceneDelegate.swift */,
				51DF53BE277BE096006FA6A0 /* ViewController.swift */,
				51DF53C0277BE096006FA6A0 /* Main.storyboard */,
				51DF53C3277BE098006FA6A0 /* Assets.xcassets */,
				51DF53C5277BE098006FA6A0 /* LaunchScreen.storyboard */,
				51DF53C8277BE098006FA6A0 /* Info.plist */,
			);
			path = iOSInterView;
			sourceTree = "<group>";
		};
		51DF53D0277BE098006FA6A0 /* iOSInterViewTests */ = {
			isa = PBXGroup;
			children = (
				51DF53D1277BE098006FA6A0 /* iOSInterViewTests.swift */,
			);
			path = iOSInterViewTests;
			sourceTree = "<group>";
		};
		51DF53DA277BE098006FA6A0 /* iOSInterViewUITests */ = {
			isa = PBXGroup;
			children = (
				51DF53DB277BE098006FA6A0 /* iOSInterViewUITests.swift */,
				51DF53DD277BE098006FA6A0 /* iOSInterViewUITestsLaunchTests.swift */,
			);
			path = iOSInterViewUITests;
			sourceTree = "<group>";
		};
		51DF53EA277BE0A9006FA6A0 /* Bounds 와 Frame 의 차이점을 설명하시오. */ = {
			isa = PBXGroup;
			children = (
				51DF53EB277BE0CB006FA6A0 /* ExplainTheDifferenceBetweenBoundsAndFrames.swift */,
			);
			name = "Bounds 와 Frame 의 차이점을 설명하시오.";
			path = "Bounds 와 Frame 의 차이점을 설명하시오.";
			sourceTree = "<group>";
		};
		51DF53ED277BE45E006FA6A0 /* 실제 디바이스가 없을 경우 개발 환경에서 할 수 있는 것과 없는 것을 설명하시오.  */ = {
			isa = PBXGroup;
			children = (
				51DF53EE277BE49D006FA6A0 /* ExplainWhatYouCanAndCannotDoInADevelopmentEnvironmentIfYouDon'tHaveARealDevice..swift */,
			);
			name = "실제 디바이스가 없을 경우 개발 환경에서 할 수 있는 것과 없는 것을 설명하시오. ";
			path = "실제 디바이스가 없을 경우 개발 환경에서 할 수 있는 것과 없는 것을 설명하시오. ";
			sourceTree = "<group>";
		};
		51DF53F0277BE875006FA6A0 /* 앱의 콘텐츠나 데이터 자체를 저장및보관하는 특별한 객체를 무엇이라고 하는가?  */ = {
			isa = PBXGroup;
			children = (
				51DF53F1277BE899006FA6A0 /* What is a special object that stores and holds the app's content or data itself?.swift */,
			);
			name = "앱의 콘텐츠나 데이터 자체를 저장및보관하는 특별한 객체를 무엇이라고 하는가? ";
			path = "앱의 콘텐츠나 데이터 자체를 저장및보관하는 특별한 객체를 무엇이라고 하는가? ";
			sourceTree = "<group>";
		};
/* End PBXGroup section */

/* Begin PBXNativeTarget section */
		51DF53B6277BE096006FA6A0 /* iOSInterView */ = {
			isa = PBXNativeTarget;
			buildConfigurationList = 51DF53E1277BE098006FA6A0 /* Build configuration list for PBXNativeTarget "iOSInterView" */;
			buildPhases = (
				51DF53B3277BE096006FA6A0 /* Sources */,
				51DF53B4277BE096006FA6A0 /* Frameworks */,
				51DF53B5277BE096006FA6A0 /* Resources */,
			);
			buildRules = (
			);
			dependencies = (
			);
			name = iOSInterView;
			productName = iOSInterView;
			productReference = 51DF53B7277BE096006FA6A0 /* iOSInterView.app */;
			productType = "com.apple.product-type.application";
		};
		51DF53CC277BE098006FA6A0 /* iOSInterViewTests */ = {
			isa = PBXNativeTarget;
			buildConfigurationList = 51DF53E4277BE098006FA6A0 /* Build configuration list for PBXNativeTarget "iOSInterViewTests" */;
			buildPhases = (
				51DF53C9277BE098006FA6A0 /* Sources */,
				51DF53CA277BE098006FA6A0 /* Frameworks */,
				51DF53CB277BE098006FA6A0 /* Resources */,
			);
			buildRules = (
			);
			dependencies = (
				51DF53CF277BE098006FA6A0 /* PBXTargetDependency */,
			);
			name = iOSInterViewTests;
			productName = iOSInterViewTests;
			productReference = 51DF53CD277BE098006FA6A0 /* iOSInterViewTests.xctest */;
			productType = "com.apple.product-type.bundle.unit-test";
		};
		51DF53D6277BE098006FA6A0 /* iOSInterViewUITests */ = {
			isa = PBXNativeTarget;
			buildConfigurationList = 51DF53E7277BE098006FA6A0 /* Build configuration list for PBXNativeTarget "iOSInterViewUITests" */;
			buildPhases = (
				51DF53D3277BE098006FA6A0 /* Sources */,
				51DF53D4277BE098006FA6A0 /* Frameworks */,
				51DF53D5277BE098006FA6A0 /* Resources */,
			);
			buildRules = (
			);
			dependencies = (
				51DF53D9277BE098006FA6A0 /* PBXTargetDependency */,
			);
			name = iOSInterViewUITests;
			productName = iOSInterViewUITests;
			productReference = 51DF53D7277BE098006FA6A0 /* iOSInterViewUITests.xctest */;
			productType = "com.apple.product-type.bundle.ui-testing";
		};
/* End PBXNativeTarget section */

/* Begin PBXProject section */
		51DF53AF277BE096006FA6A0 /* Project object */ = {
			isa = PBXProject;
			attributes = {
				BuildIndependentTargetsInParallel = 1;
				LastSwiftUpdateCheck = 1320;
				LastUpgradeCheck = 1320;
				TargetAttributes = {
					51DF53B6277BE096006FA6A0 = {
						CreatedOnToolsVersion = 13.2.1;
					};
					51DF53CC277BE098006FA6A0 = {
						CreatedOnToolsVersion = 13.2.1;
						TestTargetID = 51DF53B6277BE096006FA6A0;
					};
					51DF53D6277BE098006FA6A0 = {
						CreatedOnToolsVersion = 13.2.1;
						TestTargetID = 51DF53B6277BE096006FA6A0;
					};
				};
			};
			buildConfigurationList = 51DF53B2277BE096006FA6A0 /* Build configuration list for PBXProject "iOSInterView" */;
			compatibilityVersion = "Xcode 13.0";
			developmentRegion = en;
			hasScannedForEncodings = 0;
			knownRegions = (
				en,
				Base,
			);
			mainGroup = 51DF53AE277BE096006FA6A0;
			productRefGroup = 51DF53B8277BE096006FA6A0 /* Products */;
			projectDirPath = "";
			projectRoot = "";
			targets = (
				51DF53B6277BE096006FA6A0 /* iOSInterView */,
				51DF53CC277BE098006FA6A0 /* iOSInterViewTests */,
				51DF53D6277BE098006FA6A0 /* iOSInterViewUITests */,
			);
		};
/* End PBXProject section */

/* Begin PBXResourcesBuildPhase section */
		51DF53B5277BE096006FA6A0 /* Resources */ = {
			isa = PBXResourcesBuildPhase;
			buildActionMask = 2147483647;
			files = (
				51DF53C7277BE098006FA6A0 /* LaunchScreen.storyboard in Resources */,
				51DF53C4277BE098006FA6A0 /* Assets.xcassets in Resources */,
				51DF53C2277BE096006FA6A0 /* Main.storyboard in Resources */,
			);
			runOnlyForDeploymentPostprocessing = 0;
		};
		51DF53CB277BE098006FA6A0 /* Resources */ = {
			isa = PBXResourcesBuildPhase;
			buildActionMask = 2147483647;
			files = (
			);
			runOnlyForDeploymentPostprocessing = 0;
		};
		51DF53D5277BE098006FA6A0 /* Resources */ = {
			isa = PBXResourcesBuildPhase;
			buildActionMask = 2147483647;
			files = (
			);
			runOnlyForDeploymentPostprocessing = 0;
		};
/* End PBXResourcesBuildPhase section */

/* Begin PBXSourcesBuildPhase section */
		51DF53B3277BE096006FA6A0 /* Sources */ = {
			isa = PBXSourcesBuildPhase;
			buildActionMask = 2147483647;
			files = (
				51DF53BF277BE096006FA6A0 /* ViewController.swift in Sources */,
				51DF53BB277BE096006FA6A0 /* AppDelegate.swift in Sources */,
				51DF53F2277BE899006FA6A0 /* What is a special object that stores and holds the app's content or data itself?.swift in Sources */,
				51DF53EC277BE0CB006FA6A0 /* ExplainTheDifferenceBetweenBoundsAndFrames.swift in Sources */,
				51DF53BD277BE096006FA6A0 /* SceneDelegate.swift in Sources */,
				51DF53EF277BE49D006FA6A0 /* ExplainWhatYouCanAndCannotDoInADevelopmentEnvironmentIfYouDon'tHaveARealDevice..swift in Sources */,
			);
			runOnlyForDeploymentPostprocessing = 0;
		};
		51DF53C9277BE098006FA6A0 /* Sources */ = {
			isa = PBXSourcesBuildPhase;
			buildActionMask = 2147483647;
			files = (
				51DF53D2277BE098006FA6A0 /* iOSInterViewTests.swift in Sources */,
			);
			runOnlyForDeploymentPostprocessing = 0;
		};
		51DF53D3277BE098006FA6A0 /* Sources */ = {
			isa = PBXSourcesBuildPhase;
			buildActionMask = 2147483647;
			files = (
				51DF53DE277BE098006FA6A0 /* iOSInterViewUITestsLaunchTests.swift in Sources */,
				51DF53DC277BE098006FA6A0 /* iOSInterViewUITests.swift in Sources */,
			);
			runOnlyForDeploymentPostprocessing = 0;
		};
/* End PBXSourcesBuildPhase section */

/* Begin PBXTargetDependency section */
		51DF53CF277BE098006FA6A0 /* PBXTargetDependency */ = {
			isa = PBXTargetDependency;
			target = 51DF53B6277BE096006FA6A0 /* iOSInterView */;
			targetProxy = 51DF53CE277BE098006FA6A0 /* PBXContainerItemProxy */;
		};
		51DF53D9277BE098006FA6A0 /* PBXTargetDependency */ = {
			isa = PBXTargetDependency;
			target = 51DF53B6277BE096006FA6A0 /* iOSInterView */;
			targetProxy = 51DF53D8277BE098006FA6A0 /* PBXContainerItemProxy */;
		};
/* End PBXTargetDependency section */

/* Begin PBXVariantGroup section */
		51DF53C0277BE096006FA6A0 /* Main.storyboard */ = {
			isa = PBXVariantGroup;
			children = (
				51DF53C1277BE096006FA6A0 /* Base */,
			);
			name = Main.storyboard;
			sourceTree = "<group>";
		};
		51DF53C5277BE098006FA6A0 /* LaunchScreen.storyboard */ = {
			isa = PBXVariantGroup;
			children = (
				51DF53C6277BE098006FA6A0 /* Base */,
			);
			name = LaunchScreen.storyboard;
			sourceTree = "<group>";
		};
/* End PBXVariantGroup section */

/* Begin XCBuildConfiguration section */
		51DF53DF277BE098006FA6A0 /* Debug */ = {
			isa = XCBuildConfiguration;
			buildSettings = {
				ALWAYS_SEARCH_USER_PATHS = NO;
				CLANG_ANALYZER_NONNULL = YES;
				CLANG_ANALYZER_NUMBER_OBJECT_CONVERSION = YES_AGGRESSIVE;
				CLANG_CXX_LANGUAGE_STANDARD = "gnu++17";
				CLANG_CXX_LIBRARY = "libc++";
				CLANG_ENABLE_MODULES = YES;
				CLANG_ENABLE_OBJC_ARC = YES;
				CLANG_ENABLE_OBJC_WEAK = YES;
				CLANG_WARN_BLOCK_CAPTURE_AUTORELEASING = YES;
				CLANG_WARN_BOOL_CONVERSION = YES;
				CLANG_WARN_COMMA = YES;
				CLANG_WARN_CONSTANT_CONVERSION = YES;
				CLANG_WARN_DEPRECATED_OBJC_IMPLEMENTATIONS = YES;
				CLANG_WARN_DIRECT_OBJC_ISA_USAGE = YES_ERROR;
				CLANG_WARN_DOCUMENTATION_COMMENTS = YES;
				CLANG_WARN_EMPTY_BODY = YES;
				CLANG_WARN_ENUM_CONVERSION = YES;
				CLANG_WARN_INFINITE_RECURSION = YES;
				CLANG_WARN_INT_CONVERSION = YES;
				CLANG_WARN_NON_LITERAL_NULL_CONVERSION = YES;
				CLANG_WARN_OBJC_IMPLICIT_RETAIN_SELF = YES;
				CLANG_WARN_OBJC_LITERAL_CONVERSION = YES;
				CLANG_WARN_OBJC_ROOT_CLASS = YES_ERROR;
				CLANG_WARN_QUOTED_INCLUDE_IN_FRAMEWORK_HEADER = YES;
				CLANG_WARN_RANGE_LOOP_ANALYSIS = YES;
				CLANG_WARN_STRICT_PROTOTYPES = YES;
				CLANG_WARN_SUSPICIOUS_MOVE = YES;
				CLANG_WARN_UNGUARDED_AVAILABILITY = YES_AGGRESSIVE;
				CLANG_WARN_UNREACHABLE_CODE = YES;
				CLANG_WARN__DUPLICATE_METHOD_MATCH = YES;
				COPY_PHASE_STRIP = NO;
				DEBUG_INFORMATION_FORMAT = dwarf;
				ENABLE_STRICT_OBJC_MSGSEND = YES;
				ENABLE_TESTABILITY = YES;
				GCC_C_LANGUAGE_STANDARD = gnu11;
				GCC_DYNAMIC_NO_PIC = NO;
				GCC_NO_COMMON_BLOCKS = YES;
				GCC_OPTIMIZATION_LEVEL = 0;
				GCC_PREPROCESSOR_DEFINITIONS = (
					"DEBUG=1",
					"$(inherited)",
				);
				GCC_WARN_64_TO_32_BIT_CONVERSION = YES;
				GCC_WARN_ABOUT_RETURN_TYPE = YES_ERROR;
				GCC_WARN_UNDECLARED_SELECTOR = YES;
				GCC_WARN_UNINITIALIZED_AUTOS = YES_AGGRESSIVE;
				GCC_WARN_UNUSED_FUNCTION = YES;
				GCC_WARN_UNUSED_VARIABLE = YES;
				IPHONEOS_DEPLOYMENT_TARGET = 15.2;
				MTL_ENABLE_DEBUG_INFO = INCLUDE_SOURCE;
				MTL_FAST_MATH = YES;
				ONLY_ACTIVE_ARCH = YES;
				SDKROOT = iphoneos;
				SWIFT_ACTIVE_COMPILATION_CONDITIONS = DEBUG;
				SWIFT_OPTIMIZATION_LEVEL = "-Onone";
			};
			name = Debug;
		};
		51DF53E0277BE098006FA6A0 /* Release */ = {
			isa = XCBuildConfiguration;
			buildSettings = {
				ALWAYS_SEARCH_USER_PATHS = NO;
				CLANG_ANALYZER_NONNULL = YES;
				CLANG_ANALYZER_NUMBER_OBJECT_CONVERSION = YES_AGGRESSIVE;
				CLANG_CXX_LANGUAGE_STANDARD = "gnu++17";
				CLANG_CXX_LIBRARY = "libc++";
				CLANG_ENABLE_MODULES = YES;
				CLANG_ENABLE_OBJC_ARC = YES;
				CLANG_ENABLE_OBJC_WEAK = YES;
				CLANG_WARN_BLOCK_CAPTURE_AUTORELEASING = YES;
				CLANG_WARN_BOOL_CONVERSION = YES;
				CLANG_WARN_COMMA = YES;
				CLANG_WARN_CONSTANT_CONVERSION = YES;
				CLANG_WARN_DEPRECATED_OBJC_IMPLEMENTATIONS = YES;
				CLANG_WARN_DIRECT_OBJC_ISA_USAGE = YES_ERROR;
				CLANG_WARN_DOCUMENTATION_COMMENTS = YES;
				CLANG_WARN_EMPTY_BODY = YES;
				CLANG_WARN_ENUM_CONVERSION = YES;
				CLANG_WARN_INFINITE_RECURSION = YES;
				CLANG_WARN_INT_CONVERSION = YES;
				CLANG_WARN_NON_LITERAL_NULL_CONVERSION = YES;
				CLANG_WARN_OBJC_IMPLICIT_RETAIN_SELF = YES;
				CLANG_WARN_OBJC_LITERAL_CONVERSION = YES;
				CLANG_WARN_OBJC_ROOT_CLASS = YES_ERROR;
				CLANG_WARN_QUOTED_INCLUDE_IN_FRAMEWORK_HEADER = YES;
				CLANG_WARN_RANGE_LOOP_ANALYSIS = YES;
				CLANG_WARN_STRICT_PROTOTYPES = YES;
				CLANG_WARN_SUSPICIOUS_MOVE = YES;
				CLANG_WARN_UNGUARDED_AVAILABILITY = YES_AGGRESSIVE;
				CLANG_WARN_UNREACHABLE_CODE = YES;
				CLANG_WARN__DUPLICATE_METHOD_MATCH = YES;
				COPY_PHASE_STRIP = NO;
				DEBUG_INFORMATION_FORMAT = "dwarf-with-dsym";
				ENABLE_NS_ASSERTIONS = NO;
				ENABLE_STRICT_OBJC_MSGSEND = YES;
				GCC_C_LANGUAGE_STANDARD = gnu11;
				GCC_NO_COMMON_BLOCKS = YES;
				GCC_WARN_64_TO_32_BIT_CONVERSION = YES;
				GCC_WARN_ABOUT_RETURN_TYPE = YES_ERROR;
				GCC_WARN_UNDECLARED_SELECTOR = YES;
				GCC_WARN_UNINITIALIZED_AUTOS = YES_AGGRESSIVE;
				GCC_WARN_UNUSED_FUNCTION = YES;
				GCC_WARN_UNUSED_VARIABLE = YES;
				IPHONEOS_DEPLOYMENT_TARGET = 15.2;
				MTL_ENABLE_DEBUG_INFO = NO;
				MTL_FAST_MATH = YES;
				SDKROOT = iphoneos;
				SWIFT_COMPILATION_MODE = wholemodule;
				SWIFT_OPTIMIZATION_LEVEL = "-O";
				VALIDATE_PRODUCT = YES;
			};
			name = Release;
		};
		51DF53E2277BE098006FA6A0 /* Debug */ = {
			isa = XCBuildConfiguration;
			buildSettings = {
				ASSETCATALOG_COMPILER_APPICON_NAME = AppIcon;
				ASSETCATALOG_COMPILER_GLOBAL_ACCENT_COLOR_NAME = AccentColor;
				CODE_SIGN_STYLE = Automatic;
				CURRENT_PROJECT_VERSION = 1;
				DEVELOPMENT_TEAM = J9BUFWVJN8;
				GENERATE_INFOPLIST_FILE = YES;
				INFOPLIST_FILE = iOSInterView/Info.plist;
				INFOPLIST_KEY_UIApplicationSupportsIndirectInputEvents = YES;
				INFOPLIST_KEY_UILaunchStoryboardName = LaunchScreen;
				INFOPLIST_KEY_UIMainStoryboardFile = Main;
				INFOPLIST_KEY_UISupportedInterfaceOrientations_iPad = "UIInterfaceOrientationPortrait UIInterfaceOrientationPortraitUpsideDown UIInterfaceOrientationLandscapeLeft UIInterfaceOrientationLandscapeRight";
				INFOPLIST_KEY_UISupportedInterfaceOrientations_iPhone = "UIInterfaceOrientationPortrait UIInterfaceOrientationLandscapeLeft UIInterfaceOrientationLandscapeRight";
				LD_RUNPATH_SEARCH_PATHS = (
					"$(inherited)",
					"@executable_path/Frameworks",
				);
				MARKETING_VERSION = 1.0;
				PRODUCT_BUNDLE_IDENTIFIER = com.devvensuk.iOSInterView;
				PRODUCT_NAME = "$(TARGET_NAME)";
				SWIFT_EMIT_LOC_STRINGS = YES;
				SWIFT_VERSION = 5.0;
				TARGETED_DEVICE_FAMILY = "1,2";
			};
			name = Debug;
		};
		51DF53E3277BE098006FA6A0 /* Release */ = {
			isa = XCBuildConfiguration;
			buildSettings = {
				ASSETCATALOG_COMPILER_APPICON_NAME = AppIcon;
				ASSETCATALOG_COMPILER_GLOBAL_ACCENT_COLOR_NAME = AccentColor;
				CODE_SIGN_STYLE = Automatic;
				CURRENT_PROJECT_VERSION = 1;
				DEVELOPMENT_TEAM = J9BUFWVJN8;
				GENERATE_INFOPLIST_FILE = YES;
				INFOPLIST_FILE = iOSInterView/Info.plist;
				INFOPLIST_KEY_UIApplicationSupportsIndirectInputEvents = YES;
				INFOPLIST_KEY_UILaunchStoryboardName = LaunchScreen;
				INFOPLIST_KEY_UIMainStoryboardFile = Main;
				INFOPLIST_KEY_UISupportedInterfaceOrientations_iPad = "UIInterfaceOrientationPortrait UIInterfaceOrientationPortraitUpsideDown UIInterfaceOrientationLandscapeLeft UIInterfaceOrientationLandscapeRight";
				INFOPLIST_KEY_UISupportedInterfaceOrientations_iPhone = "UIInterfaceOrientationPortrait UIInterfaceOrientationLandscapeLeft UIInterfaceOrientationLandscapeRight";
				LD_RUNPATH_SEARCH_PATHS = (
					"$(inherited)",
					"@executable_path/Frameworks",
				);
				MARKETING_VERSION = 1.0;
				PRODUCT_BUNDLE_IDENTIFIER = com.devvensuk.iOSInterView;
				PRODUCT_NAME = "$(TARGET_NAME)";
				SWIFT_EMIT_LOC_STRINGS = YES;
				SWIFT_VERSION = 5.0;
				TARGETED_DEVICE_FAMILY = "1,2";
			};
			name = Release;
		};
		51DF53E5277BE098006FA6A0 /* Debug */ = {
			isa = XCBuildConfiguration;
			buildSettings = {
				ALWAYS_EMBED_SWIFT_STANDARD_LIBRARIES = YES;
				BUNDLE_LOADER = "$(TEST_HOST)";
				CODE_SIGN_STYLE = Automatic;
				CURRENT_PROJECT_VERSION = 1;
				DEVELOPMENT_TEAM = J9BUFWVJN8;
				GENERATE_INFOPLIST_FILE = YES;
				IPHONEOS_DEPLOYMENT_TARGET = 15.2;
				MARKETING_VERSION = 1.0;
				PRODUCT_BUNDLE_IDENTIFIER = com.devvensuk.iOSInterViewTests;
				PRODUCT_NAME = "$(TARGET_NAME)";
				SWIFT_EMIT_LOC_STRINGS = NO;
				SWIFT_VERSION = 5.0;
				TARGETED_DEVICE_FAMILY = "1,2";
				TEST_HOST = "$(BUILT_PRODUCTS_DIR)/iOSInterView.app/iOSInterView";
			};
			name = Debug;
		};
		51DF53E6277BE098006FA6A0 /* Release */ = {
			isa = XCBuildConfiguration;
			buildSettings = {
				ALWAYS_EMBED_SWIFT_STANDARD_LIBRARIES = YES;
				BUNDLE_LOADER = "$(TEST_HOST)";
				CODE_SIGN_STYLE = Automatic;
				CURRENT_PROJECT_VERSION = 1;
				DEVELOPMENT_TEAM = J9BUFWVJN8;
				GENERATE_INFOPLIST_FILE = YES;
				IPHONEOS_DEPLOYMENT_TARGET = 15.2;
				MARKETING_VERSION = 1.0;
				PRODUCT_BUNDLE_IDENTIFIER = com.devvensuk.iOSInterViewTests;
				PRODUCT_NAME = "$(TARGET_NAME)";
				SWIFT_EMIT_LOC_STRINGS = NO;
				SWIFT_VERSION = 5.0;
				TARGETED_DEVICE_FAMILY = "1,2";
				TEST_HOST = "$(BUILT_PRODUCTS_DIR)/iOSInterView.app/iOSInterView";
			};
			name = Release;
		};
		51DF53E8277BE098006FA6A0 /* Debug */ = {
			isa = XCBuildConfiguration;
			buildSettings = {
				ALWAYS_EMBED_SWIFT_STANDARD_LIBRARIES = YES;
				CODE_SIGN_STYLE = Automatic;
				CURRENT_PROJECT_VERSION = 1;
				DEVELOPMENT_TEAM = J9BUFWVJN8;
				GENERATE_INFOPLIST_FILE = YES;
				MARKETING_VERSION = 1.0;
				PRODUCT_BUNDLE_IDENTIFIER = com.devvensuk.iOSInterViewUITests;
				PRODUCT_NAME = "$(TARGET_NAME)";
				SWIFT_EMIT_LOC_STRINGS = NO;
				SWIFT_VERSION = 5.0;
				TARGETED_DEVICE_FAMILY = "1,2";
				TEST_TARGET_NAME = iOSInterView;
			};
			name = Debug;
		};
		51DF53E9277BE098006FA6A0 /* Release */ = {
			isa = XCBuildConfiguration;
			buildSettings = {
				ALWAYS_EMBED_SWIFT_STANDARD_LIBRARIES = YES;
				CODE_SIGN_STYLE = Automatic;
				CURRENT_PROJECT_VERSION = 1;
				DEVELOPMENT_TEAM = J9BUFWVJN8;
				GENERATE_INFOPLIST_FILE = YES;
				MARKETING_VERSION = 1.0;
				PRODUCT_BUNDLE_IDENTIFIER = com.devvensuk.iOSInterViewUITests;
				PRODUCT_NAME = "$(TARGET_NAME)";
				SWIFT_EMIT_LOC_STRINGS = NO;
				SWIFT_VERSION = 5.0;
				TARGETED_DEVICE_FAMILY = "1,2";
				TEST_TARGET_NAME = iOSInterView;
			};
			name = Release;
		};
/* End XCBuildConfiguration section */

/* Begin XCConfigurationList section */
		51DF53B2277BE096006FA6A0 /* Build configuration list for PBXProject "iOSInterView" */ = {
			isa = XCConfigurationList;
			buildConfigurations = (
				51DF53DF277BE098006FA6A0 /* Debug */,
				51DF53E0277BE098006FA6A0 /* Release */,
			);
			defaultConfigurationIsVisible = 0;
			defaultConfigurationName = Release;
		};
		51DF53E1277BE098006FA6A0 /* Build configuration list for PBXNativeTarget "iOSInterView" */ = {
			isa = XCConfigurationList;
			buildConfigurations = (
				51DF53E2277BE098006FA6A0 /* Debug */,
				51DF53E3277BE098006FA6A0 /* Release */,
			);
			defaultConfigurationIsVisible = 0;
			defaultConfigurationName = Release;
		};
		51DF53E4277BE098006FA6A0 /* Build configuration list for PBXNativeTarget "iOSInterViewTests" */ = {
			isa = XCConfigurationList;
			buildConfigurations = (
				51DF53E5277BE098006FA6A0 /* Debug */,
				51DF53E6277BE098006FA6A0 /* Release */,
			);
			defaultConfigurationIsVisible = 0;
			defaultConfigurationName = Release;
		};
		51DF53E7277BE098006FA6A0 /* Build configuration list for PBXNativeTarget "iOSInterViewUITests" */ = {
			isa = XCConfigurationList;
			buildConfigurations = (
				51DF53E8277BE098006FA6A0 /* Debug */,
				51DF53E9277BE098006FA6A0 /* Release */,
			);
			defaultConfigurationIsVisible = 0;
			defaultConfigurationName = Release;
		};
/* End XCConfigurationList section */
	};
	rootObject = 51DF53AF277BE096006FA6A0 /* Project object */;
}
